// !$*UTF8*$!
{
	archiveVersion = 1;
	classes = {
	};
	objectVersion = 50;
	objects = {

/* Begin PBXBuildFile section */
		8F0AA995254FBE9800DD6B46 /* main.swift in Sources */ = {isa = PBXBuildFile; fileRef = 8F0AA994254FBE9800DD6B46 /* main.swift */; };
		8F0AA99D254FBEDD00DD6B46 /* DeleteNode.swift in Sources */ = {isa = PBXBuildFile; fileRef = 8F0AA99C254FBEDD00DD6B46 /* DeleteNode.swift */; };
		8F0AA99F254FBFF000DD6B46 /* ListNode.swift in Sources */ = {isa = PBXBuildFile; fileRef = 8F0AA99E254FBFF000DD6B46 /* ListNode.swift */; };
		8F0AB409254FF00000DD6B46 /* ReverseLinkList.swift in Sources */ = {isa = PBXBuildFile; fileRef = 8F0AB408254FF00000DD6B46 /* ReverseLinkList.swift */; };
		8F1E436625CD3006008EA1E5 /* TwoSum.swift in Sources */ = {isa = PBXBuildFile; fileRef = 8F1E436525CD3006008EA1E5 /* TwoSum.swift */; };
		8F1E436925CD3E18008EA1E5 /* ReverseInteger.swift in Sources */ = {isa = PBXBuildFile; fileRef = 8F1E436825CD3E18008EA1E5 /* ReverseInteger.swift */; };
		8F1E436C25CD67DF008EA1E5 /* PalindromeNumber.swift in Sources */ = {isa = PBXBuildFile; fileRef = 8F1E436B25CD67DF008EA1E5 /* PalindromeNumber.swift */; };
		8F307ED92555509100B0C0FF /* LinkedListCycle.swift in Sources */ = {isa = PBXBuildFile; fileRef = 8F307ED82555509100B0C0FF /* LinkedListCycle.swift */; };
		8F30E53225597BEE00B0C0FF /* RemoveLinkListElement.swift in Sources */ = {isa = PBXBuildFile; fileRef = 8F30E53125597BEE00B0C0FF /* RemoveLinkListElement.swift */; };
		8F6BDD2125F9B4E200435409 /* RemoveDuplicatesFromSortedArray.swift in Sources */ = {isa = PBXBuildFile; fileRef = 8F6BDD2025F9B4E200435409 /* RemoveDuplicatesFromSortedArray.swift */; };
		8F6EBD2725F9029100025548 /* LongestCommonPrefix.swift in Sources */ = {isa = PBXBuildFile; fileRef = 8F6EBD2625F9029100025548 /* LongestCommonPrefix.swift */; };
		8F6EBD2D25F90A4000025548 /* ValidParentheses.swift in Sources */ = {isa = PBXBuildFile; fileRef = 8F6EBD2C25F90A4000025548 /* ValidParentheses.swift */; };
		8F6EBD3025F90FD200025548 /* MergeTwoSortedLists.swift in Sources */ = {isa = PBXBuildFile; fileRef = 8F6EBD2F25F90FD200025548 /* MergeTwoSortedLists.swift */; };
		8F775A1325E0B1730072BFDF /* SearchInsertPosition.swift in Sources */ = {isa = PBXBuildFile; fileRef = 8F775A1225E0B1730072BFDF /* SearchInsertPosition.swift */; };
		8F775A1625E0C2130072BFDF /* RemoveElement.swift in Sources */ = {isa = PBXBuildFile; fileRef = 8F775A1525E0C2130072BFDF /* RemoveElement.swift */; };
		8F775A1925E0E6370072BFDF /* MinimumSizeSubarrySum.swift in Sources */ = {isa = PBXBuildFile; fileRef = 8F775A1825E0E6370072BFDF /* MinimumSizeSubarrySum.swift */; };
		8F775A1C25E0F40B0072BFDF /* SpiralMatrixII.swift in Sources */ = {isa = PBXBuildFile; fileRef = 8F775A1B25E0F40B0072BFDF /* SpiralMatrixII.swift */; };
		8F9730FA25F9D58500420F48 /* ImplementStrstr.swift in Sources */ = {isa = PBXBuildFile; fileRef = 8F9730F925F9D58500420F48 /* ImplementStrstr.swift */; };
/* End PBXBuildFile section */

/* Begin PBXCopyFilesBuildPhase section */
		8F0AA98F254FBE9800DD6B46 /* CopyFiles */ = {
			isa = PBXCopyFilesBuildPhase;
			buildActionMask = 2147483647;
			dstPath = /usr/share/man/man1/;
			dstSubfolderSpec = 0;
			files = (
			);
			runOnlyForDeploymentPostprocessing = 1;
		};
/* End PBXCopyFilesBuildPhase section */

/* Begin PBXFileReference section */
		8F0AA991254FBE9800DD6B46 /* ConquerAlgorithm */ = {isa = PBXFileReference; explicitFileType = "compiled.mach-o.executable"; includeInIndex = 0; path = ConquerAlgorithm; sourceTree = BUILT_PRODUCTS_DIR; };
		8F0AA994254FBE9800DD6B46 /* main.swift */ = {isa = PBXFileReference; lastKnownFileType = sourcecode.swift; path = main.swift; sourceTree = "<group>"; };
		8F0AA99C254FBEDD00DD6B46 /* DeleteNode.swift */ = {isa = PBXFileReference; lastKnownFileType = sourcecode.swift; path = DeleteNode.swift; sourceTree = "<group>"; };
		8F0AA99E254FBFF000DD6B46 /* ListNode.swift */ = {isa = PBXFileReference; lastKnownFileType = sourcecode.swift; path = ListNode.swift; sourceTree = "<group>"; };
		8F0AB408254FF00000DD6B46 /* ReverseLinkList.swift */ = {isa = PBXFileReference; lastKnownFileType = sourcecode.swift; path = ReverseLinkList.swift; sourceTree = "<group>"; };
		8F1E436525CD3006008EA1E5 /* TwoSum.swift */ = {isa = PBXFileReference; lastKnownFileType = sourcecode.swift; path = TwoSum.swift; sourceTree = "<group>"; };
		8F1E436825CD3E18008EA1E5 /* ReverseInteger.swift */ = {isa = PBXFileReference; lastKnownFileType = sourcecode.swift; path = ReverseInteger.swift; sourceTree = "<group>"; };
		8F1E436B25CD67DF008EA1E5 /* PalindromeNumber.swift */ = {isa = PBXFileReference; lastKnownFileType = sourcecode.swift; path = PalindromeNumber.swift; sourceTree = "<group>"; };
		8F307ED82555509100B0C0FF /* LinkedListCycle.swift */ = {isa = PBXFileReference; lastKnownFileType = sourcecode.swift; path = LinkedListCycle.swift; sourceTree = "<group>"; };
		8F30E53125597BEE00B0C0FF /* RemoveLinkListElement.swift */ = {isa = PBXFileReference; lastKnownFileType = sourcecode.swift; path = RemoveLinkListElement.swift; sourceTree = "<group>"; };
		8F6BDD2025F9B4E200435409 /* RemoveDuplicatesFromSortedArray.swift */ = {isa = PBXFileReference; lastKnownFileType = sourcecode.swift; path = RemoveDuplicatesFromSortedArray.swift; sourceTree = "<group>"; };
		8F6EBD2625F9029100025548 /* LongestCommonPrefix.swift */ = {isa = PBXFileReference; lastKnownFileType = sourcecode.swift; path = LongestCommonPrefix.swift; sourceTree = "<group>"; };
		8F6EBD2C25F90A4000025548 /* ValidParentheses.swift */ = {isa = PBXFileReference; lastKnownFileType = sourcecode.swift; path = ValidParentheses.swift; sourceTree = "<group>"; };
		8F6EBD2F25F90FD200025548 /* MergeTwoSortedLists.swift */ = {isa = PBXFileReference; lastKnownFileType = sourcecode.swift; path = MergeTwoSortedLists.swift; sourceTree = "<group>"; };
		8F775A1225E0B1730072BFDF /* SearchInsertPosition.swift */ = {isa = PBXFileReference; lastKnownFileType = sourcecode.swift; path = SearchInsertPosition.swift; sourceTree = "<group>"; };
		8F775A1525E0C2130072BFDF /* RemoveElement.swift */ = {isa = PBXFileReference; lastKnownFileType = sourcecode.swift; path = RemoveElement.swift; sourceTree = "<group>"; };
		8F775A1825E0E6370072BFDF /* MinimumSizeSubarrySum.swift */ = {isa = PBXFileReference; lastKnownFileType = sourcecode.swift; path = MinimumSizeSubarrySum.swift; sourceTree = "<group>"; };
		8F775A1B25E0F40B0072BFDF /* SpiralMatrixII.swift */ = {isa = PBXFileReference; lastKnownFileType = sourcecode.swift; path = SpiralMatrixII.swift; sourceTree = "<group>"; };
		8F9730F925F9D58500420F48 /* ImplementStrstr.swift */ = {isa = PBXFileReference; lastKnownFileType = sourcecode.swift; path = ImplementStrstr.swift; sourceTree = "<group>"; };
/* End PBXFileReference section */

/* Begin PBXFrameworksBuildPhase section */
		8F0AA98E254FBE9800DD6B46 /* Frameworks */ = {
			isa = PBXFrameworksBuildPhase;
			buildActionMask = 2147483647;
			files = (
			);
			runOnlyForDeploymentPostprocessing = 0;
		};
/* End PBXFrameworksBuildPhase section */

/* Begin PBXGroup section */
		8F0AA988254FBE9800DD6B46 = {
			isa = PBXGroup;
			children = (
				8F0AA993254FBE9800DD6B46 /* ConquerAlgorithm */,
				8F0AA992254FBE9800DD6B46 /* Products */,
			);
			sourceTree = "<group>";
		};
		8F0AA992254FBE9800DD6B46 /* Products */ = {
			isa = PBXGroup;
			children = (
				8F0AA991254FBE9800DD6B46 /* ConquerAlgorithm */,
			);
			name = Products;
			sourceTree = "<group>";
		};
		8F0AA993254FBE9800DD6B46 /* ConquerAlgorithm */ = {
			isa = PBXGroup;
			children = (
				8F6EBD2525F9026700025548 /* String */,
				8F1E436425CD2FF0008EA1E5 /* Array */,
				8F0AA994254FBE9800DD6B46 /* main.swift */,
				8F0AA99B254FBEBF00DD6B46 /* LinkList */,
				8F1E436825CD3E18008EA1E5 /* ReverseInteger.swift */,
				8F1E436B25CD67DF008EA1E5 /* PalindromeNumber.swift */,
				8F9730F925F9D58500420F48 /* ImplementStrstr.swift */,
			);
			path = ConquerAlgorithm;
			sourceTree = "<group>";
		};
		8F0AA99B254FBEBF00DD6B46 /* LinkList */ = {
			isa = PBXGroup;
			children = (
				8F0AA99C254FBEDD00DD6B46 /* DeleteNode.swift */,
				8F0AB408254FF00000DD6B46 /* ReverseLinkList.swift */,
				8F307ED82555509100B0C0FF /* LinkedListCycle.swift */,
				8F30E53125597BEE00B0C0FF /* RemoveLinkListElement.swift */,
				8F0AA99E254FBFF000DD6B46 /* ListNode.swift */,
				8F6EBD2F25F90FD200025548 /* MergeTwoSortedLists.swift */,
			);
			path = LinkList;
			sourceTree = "<group>";
		};
		8F1E436425CD2FF0008EA1E5 /* Array */ = {
			isa = PBXGroup;
			children = (
				8F1E436525CD3006008EA1E5 /* TwoSum.swift */,
				8F775A1225E0B1730072BFDF /* SearchInsertPosition.swift */,
				8F775A1525E0C2130072BFDF /* RemoveElement.swift */,
				8F775A1825E0E6370072BFDF /* MinimumSizeSubarrySum.swift */,
				8F775A1B25E0F40B0072BFDF /* SpiralMatrixII.swift */,
				8F6BDD2025F9B4E200435409 /* RemoveDuplicatesFromSortedArray.swift */,
			);
			path = Array;
			sourceTree = "<group>";
		};
		8F6EBD2525F9026700025548 /* String */ = {
			isa = PBXGroup;
			children = (
				8F6EBD2625F9029100025548 /* LongestCommonPrefix.swift */,
				8F6EBD2C25F90A4000025548 /* ValidParentheses.swift */,
			);
			path = String;
			sourceTree = "<group>";
		};
/* End PBXGroup section */

/* Begin PBXNativeTarget section */
		8F0AA990254FBE9800DD6B46 /* ConquerAlgorithm */ = {
			isa = PBXNativeTarget;
			buildConfigurationList = 8F0AA998254FBE9800DD6B46 /* Build configuration list for PBXNativeTarget "ConquerAlgorithm" */;
			buildPhases = (
				8F0AA98D254FBE9800DD6B46 /* Sources */,
				8F0AA98E254FBE9800DD6B46 /* Frameworks */,
				8F0AA98F254FBE9800DD6B46 /* CopyFiles */,
			);
			buildRules = (
			);
			dependencies = (
			);
			name = ConquerAlgorithm;
			productName = ConquerAlgorithm;
			productReference = 8F0AA991254FBE9800DD6B46 /* ConquerAlgorithm */;
			productType = "com.apple.product-type.tool";
		};
/* End PBXNativeTarget section */

/* Begin PBXProject section */
		8F0AA989254FBE9800DD6B46 /* Project object */ = {
			isa = PBXProject;
			attributes = {
				LastSwiftUpdateCheck = 1160;
				LastUpgradeCheck = 1160;
				ORGANIZATIONNAME = Freelf;
				TargetAttributes = {
					8F0AA990254FBE9800DD6B46 = {
						CreatedOnToolsVersion = 11.6;
					};
				};
			};
			buildConfigurationList = 8F0AA98C254FBE9800DD6B46 /* Build configuration list for PBXProject "ConquerAlgorithm" */;
			compatibilityVersion = "Xcode 9.3";
			developmentRegion = en;
			hasScannedForEncodings = 0;
			knownRegions = (
				en,
				Base,
			);
			mainGroup = 8F0AA988254FBE9800DD6B46;
			productRefGroup = 8F0AA992254FBE9800DD6B46 /* Products */;
			projectDirPath = "";
			projectRoot = "";
			targets = (
				8F0AA990254FBE9800DD6B46 /* ConquerAlgorithm */,
			);
		};
/* End PBXProject section */

/* Begin PBXSourcesBuildPhase section */
		8F0AA98D254FBE9800DD6B46 /* Sources */ = {
			isa = PBXSourcesBuildPhase;
			buildActionMask = 2147483647;
			files = (
				8F30E53225597BEE00B0C0FF /* RemoveLinkListElement.swift in Sources */,
				8F1E436925CD3E18008EA1E5 /* ReverseInteger.swift in Sources */,
				8F775A1625E0C2130072BFDF /* RemoveElement.swift in Sources */,
				8F6EBD2725F9029100025548 /* LongestCommonPrefix.swift in Sources */,
				8F0AA99D254FBEDD00DD6B46 /* DeleteNode.swift in Sources */,
				8F1E436C25CD67DF008EA1E5 /* PalindromeNumber.swift in Sources */,
				8F9730FA25F9D58500420F48 /* ImplementStrstr.swift in Sources */,
				8F0AA995254FBE9800DD6B46 /* main.swift in Sources */,
				8F6BDD2125F9B4E200435409 /* RemoveDuplicatesFromSortedArray.swift in Sources */,
				8F775A1325E0B1730072BFDF /* SearchInsertPosition.swift in Sources */,
				8F1E436625CD3006008EA1E5 /* TwoSum.swift in Sources */,
				8F0AB409254FF00000DD6B46 /* ReverseLinkList.swift in Sources */,
				8F775A1C25E0F40B0072BFDF /* SpiralMatrixII.swift in Sources */,
				8F307ED92555509100B0C0FF /* LinkedListCycle.swift in Sources */,
				8F775A1925E0E6370072BFDF /* MinimumSizeSubarrySum.swift in Sources */,
				8F6EBD2D25F90A4000025548 /* ValidParentheses.swift in Sources */,
				8F6EBD3025F90FD200025548 /* MergeTwoSortedLists.swift in Sources */,
				8F0AA99F254FBFF000DD6B46 /* ListNode.swift in Sources */,
			);
			runOnlyForDeploymentPostprocessing = 0;
		};
/* End PBXSourcesBuildPhase section */

/* Begin XCBuildConfiguration section */
		8F0AA996254FBE9800DD6B46 /* Debug */ = {
			isa = XCBuildConfiguration;
			buildSettings = {
				ALWAYS_SEARCH_USER_PATHS = NO;
				CLANG_ANALYZER_NONNULL = YES;
				CLANG_ANALYZER_NUMBER_OBJECT_CONVERSION = YES_AGGRESSIVE;
				CLANG_CXX_LANGUAGE_STANDARD = "gnu++14";
				CLANG_CXX_LIBRARY = "libc++";
				CLANG_ENABLE_MODULES = YES;
				CLANG_ENABLE_OBJC_ARC = YES;
				CLANG_ENABLE_OBJC_WEAK = YES;
				CLANG_WARN_BLOCK_CAPTURE_AUTORELEASING = YES;
				CLANG_WARN_BOOL_CONVERSION = YES;
				CLANG_WARN_COMMA = YES;
				CLANG_WARN_CONSTANT_CONVERSION = YES;
				CLANG_WARN_DEPRECATED_OBJC_IMPLEMENTATIONS = YES;
				CLANG_WARN_DIRECT_OBJC_ISA_USAGE = YES_ERROR;
				CLANG_WARN_DOCUMENTATION_COMMENTS = YES;
				CLANG_WARN_EMPTY_BODY = YES;
				CLANG_WARN_ENUM_CONVERSION = YES;
				CLANG_WARN_INFINITE_RECURSION = YES;
				CLANG_WARN_INT_CONVERSION = YES;
				CLANG_WARN_NON_LITERAL_NULL_CONVERSION = YES;
				CLANG_WARN_OBJC_IMPLICIT_RETAIN_SELF = YES;
				CLANG_WARN_OBJC_LITERAL_CONVERSION = YES;
				CLANG_WARN_OBJC_ROOT_CLASS = YES_ERROR;
				CLANG_WARN_RANGE_LOOP_ANALYSIS = YES;
				CLANG_WARN_STRICT_PROTOTYPES = YES;
				CLANG_WARN_SUSPICIOUS_MOVE = YES;
				CLANG_WARN_UNGUARDED_AVAILABILITY = YES_AGGRESSIVE;
				CLANG_WARN_UNREACHABLE_CODE = YES;
				CLANG_WARN__DUPLICATE_METHOD_MATCH = YES;
				COPY_PHASE_STRIP = NO;
				DEBUG_INFORMATION_FORMAT = dwarf;
				ENABLE_STRICT_OBJC_MSGSEND = YES;
				ENABLE_TESTABILITY = YES;
				GCC_C_LANGUAGE_STANDARD = gnu11;
				GCC_DYNAMIC_NO_PIC = NO;
				GCC_NO_COMMON_BLOCKS = YES;
				GCC_OPTIMIZATION_LEVEL = 0;
				GCC_PREPROCESSOR_DEFINITIONS = (
					"DEBUG=1",
					"$(inherited)",
				);
				GCC_WARN_64_TO_32_BIT_CONVERSION = YES;
				GCC_WARN_ABOUT_RETURN_TYPE = YES_ERROR;
				GCC_WARN_UNDECLARED_SELECTOR = YES;
				GCC_WARN_UNINITIALIZED_AUTOS = YES_AGGRESSIVE;
				GCC_WARN_UNUSED_FUNCTION = YES;
				GCC_WARN_UNUSED_VARIABLE = YES;
				MACOSX_DEPLOYMENT_TARGET = 10.15;
				MTL_ENABLE_DEBUG_INFO = INCLUDE_SOURCE;
				MTL_FAST_MATH = YES;
				ONLY_ACTIVE_ARCH = YES;
				SDKROOT = macosx;
				SWIFT_ACTIVE_COMPILATION_CONDITIONS = DEBUG;
				SWIFT_OPTIMIZATION_LEVEL = "-Onone";
			};
			name = Debug;
		};
		8F0AA997254FBE9800DD6B46 /* Release */ = {
			isa = XCBuildConfiguration;
			buildSettings = {
				ALWAYS_SEARCH_USER_PATHS = NO;
				CLANG_ANALYZER_NONNULL = YES;
				CLANG_ANALYZER_NUMBER_OBJECT_CONVERSION = YES_AGGRESSIVE;
				CLANG_CXX_LANGUAGE_STANDARD = "gnu++14";
				CLANG_CXX_LIBRARY = "libc++";
				CLANG_ENABLE_MODULES = YES;
				CLANG_ENABLE_OBJC_ARC = YES;
				CLANG_ENABLE_OBJC_WEAK = YES;
				CLANG_WARN_BLOCK_CAPTURE_AUTORELEASING = YES;
				CLANG_WARN_BOOL_CONVERSION = YES;
				CLANG_WARN_COMMA = YES;
				CLANG_WARN_CONSTANT_CONVERSION = YES;
				CLANG_WARN_DEPRECATED_OBJC_IMPLEMENTATIONS = YES;
				CLANG_WARN_DIRECT_OBJC_ISA_USAGE = YES_ERROR;
				CLANG_WARN_DOCUMENTATION_COMMENTS = YES;
				CLANG_WARN_EMPTY_BODY = YES;
				CLANG_WARN_ENUM_CONVERSION = YES;
				CLANG_WARN_INFINITE_RECURSION = YES;
				CLANG_WARN_INT_CONVERSION = YES;
				CLANG_WARN_NON_LITERAL_NULL_CONVERSION = YES;
				CLANG_WARN_OBJC_IMPLICIT_RETAIN_SELF = YES;
				CLANG_WARN_OBJC_LITERAL_CONVERSION = YES;
				CLANG_WARN_OBJC_ROOT_CLASS = YES_ERROR;
				CLANG_WARN_RANGE_LOOP_ANALYSIS = YES;
				CLANG_WARN_STRICT_PROTOTYPES = YES;
				CLANG_WARN_SUSPICIOUS_MOVE = YES;
				CLANG_WARN_UNGUARDED_AVAILABILITY = YES_AGGRESSIVE;
				CLANG_WARN_UNREACHABLE_CODE = YES;
				CLANG_WARN__DUPLICATE_METHOD_MATCH = YES;
				COPY_PHASE_STRIP = NO;
				DEBUG_INFORMATION_FORMAT = "dwarf-with-dsym";
				ENABLE_NS_ASSERTIONS = NO;
				ENABLE_STRICT_OBJC_MSGSEND = YES;
				GCC_C_LANGUAGE_STANDARD = gnu11;
				GCC_NO_COMMON_BLOCKS = YES;
				GCC_WARN_64_TO_32_BIT_CONVERSION = YES;
				GCC_WARN_ABOUT_RETURN_TYPE = YES_ERROR;
				GCC_WARN_UNDECLARED_SELECTOR = YES;
				GCC_WARN_UNINITIALIZED_AUTOS = YES_AGGRESSIVE;
				GCC_WARN_UNUSED_FUNCTION = YES;
				GCC_WARN_UNUSED_VARIABLE = YES;
				MACOSX_DEPLOYMENT_TARGET = 10.15;
				MTL_ENABLE_DEBUG_INFO = NO;
				MTL_FAST_MATH = YES;
				SDKROOT = macosx;
				SWIFT_COMPILATION_MODE = wholemodule;
				SWIFT_OPTIMIZATION_LEVEL = "-O";
			};
			name = Release;
		};
		8F0AA999254FBE9800DD6B46 /* Debug */ = {
			isa = XCBuildConfiguration;
			buildSettings = {
				CODE_SIGN_STYLE = Automatic;
				DEVELOPMENT_TEAM = LDY66CZNGW;
				ENABLE_HARDENED_RUNTIME = YES;
				PRODUCT_BUNDLE_IDENTIFIER = com.zhangdongpo.algorithm;
				PRODUCT_NAME = "$(TARGET_NAME)";
				SWIFT_VERSION = 5.0;
			};
			name = Debug;
		};
		8F0AA99A254FBE9800DD6B46 /* Release */ = {
			isa = XCBuildConfiguration;
			buildSettings = {
				CODE_SIGN_STYLE = Automatic;
				DEVELOPMENT_TEAM = LDY66CZNGW;
				ENABLE_HARDENED_RUNTIME = YES;
				PRODUCT_BUNDLE_IDENTIFIER = com.zhangdongpo.algorithm;
				PRODUCT_NAME = "$(TARGET_NAME)";
				SWIFT_VERSION = 5.0;
			};
			name = Release;
		};
/* End XCBuildConfiguration section */

/* Begin XCConfigurationList section */
		8F0AA98C254FBE9800DD6B46 /* Build configuration list for PBXProject "ConquerAlgorithm" */ = {
			isa = XCConfigurationList;
			buildConfigurations = (
				8F0AA996254FBE9800DD6B46 /* Debug */,
				8F0AA997254FBE9800DD6B46 /* Release */,
			);
			defaultConfigurationIsVisible = 0;
			defaultConfigurationName = Release;
		};
		8F0AA998254FBE9800DD6B46 /* Build configuration list for PBXNativeTarget "ConquerAlgorithm" */ = {
			isa = XCConfigurationList;
			buildConfigurations = (
				8F0AA999254FBE9800DD6B46 /* Debug */,
				8F0AA99A254FBE9800DD6B46 /* Release */,
			);
			defaultConfigurationIsVisible = 0;
			defaultConfigurationName = Release;
		};
/* End XCConfigurationList section */
	};
	rootObject = 8F0AA989254FBE9800DD6B46 /* Project object */;
}
